
Microsoft Visual Studio Solution File, Format Version 10.00
# Visual C++ Express 2008
Project("{8BC9CEB8-8B4A-11D0-8D11-00A0C91BC942}") = "Tetris", "Tetris.vcproj", "{3EFC897D-F7B8-4F40-8292-7A1C73432F38}"
EndProject
Global
	GlobalSection(SolutionConfigurationPlatforms) = preSolution
		Debug|Win32 = Debug|Win32
		Release|Win32 = Release|Win32
	EndGlobalSection
	GlobalSection(ProjectConfigurationPlatforms) = postSolution
		{3EFC897D-F7B8-4F40-8292-7A1C73432F38}.Debug|Win32.ActiveCfg = Debug|Win32
		{3EFC897D-F7B8-4F40-8292-7A1C73432F38}.Debug|Win32.Build.0 = Debug|Win32
		{3EFC897D-F7B8-4F40-8292-7A1C73432F38}.Release|Win32.ActiveCfg = Release|Win32
		{3EFC897D-F7B8-4F40-8292-7A1C73432F38}.Release|Win32.Build.0 = Release|Win32
	EndGlobalSection
	GlobalSection(SolutionProperties) = preSolution
		HideSolutionNode = FALSE
	EndGlobalSection
EndGlobal
