<?xml version="1.0" encoding="utf-8"?>
<Project ToolsVersion="4.0" xmlns="http://schemas.microsoft.com/developer/msbuild/2003">
  <ItemGroup>
    <Filter Include="Utils">
      <UniqueIdentifier>{c191f91f-b56f-4ba3-8074-75fe7f7fa7ba}</UniqueIdentifier>
    </Filter>
    <Filter Include="Core">
      <UniqueIdentifier>{8ffde9da-37d2-4ab5-8269-3d19ccf53626}</UniqueIdentifier>
    </Filter>
    <Filter Include="Sounds">
      <UniqueIdentifier>{61963906-6337-49f7-9932-f7d300a30059}</UniqueIdentifier>
    </Filter>
    <Filter Include="Graphics">
      <UniqueIdentifier>{f840ace9-4ea5-4148-a422-ec8b59034291}</UniqueIdentifier>
    </Filter>
    <Filter Include="IO">
      <UniqueIdentifier>{abca370f-0c94-4e5e-9ccd-473dd51993f3}</UniqueIdentifier>
    </Filter>
    <Filter Include="Platform">
      <UniqueIdentifier>{0e9e7b54-2918-411d-8c62-b32dae535401}</UniqueIdentifier>
    </Filter>
  </ItemGroup>
  <ItemGroup>
    <ClInclude Include="..\..\include\Utils\bmath.h">
      <Filter>Utils</Filter>
    </ClInclude>
    <ClInclude Include="..\..\include\Utils\CSingleton.h">
      <Filter>Utils</Filter>
    </ClInclude>
    <ClInclude Include="..\..\include\Utils\rectT.h">
      <Filter>Utils</Filter>
    </ClInclude>
    <ClInclude Include="..\..\include\Utils\vecT.h">
      <Filter>Utils</Filter>
    </ClInclude>
    <ClInclude Include="..\..\include\Core\CState.h">
      <Filter>Core</Filter>
    </ClInclude>
    <ClInclude Include="..\..\include\Core\CStateManagement.h">
      <Filter>Core</Filter>
    </ClInclude>
    <ClInclude Include="..\..\include\Graphics\CGLDriver.h">
      <Filter>Graphics</Filter>
    </ClInclude>
    <ClInclude Include="..\..\include\Graphics\CGLGraphics2D.h">
      <Filter>Graphics</Filter>
    </ClInclude>
    <ClInclude Include="..\..\include\Graphics\IGraphics2D.h">
      <Filter>Graphics</Filter>
    </ClInclude>
    <ClInclude Include="..\..\include\Platform\Display.h">
      <Filter>Platform</Filter>
    </ClInclude>
    <ClInclude Include="..\..\include\Platform\DisplayMode.h">
      <Filter>Platform</Filter>
    </ClInclude>
    <ClInclude Include="..\..\include\Platform\WGLDisplay.h">
      <Filter>Platform</Filter>
    </ClInclude>
    <ClInclude Include="..\..\include\bengine.h" />
    <ClInclude Include="..\..\include\bengine_header.h" />
    <ClInclude Include="..\..\include\bengine_macros.h" />
    <ClInclude Include="..\..\include\bengine_types.h" />
  </ItemGroup>
  <ItemGroup>
    <ClCompile Include="..\..\source\Utils\CSingleton.cpp">
      <Filter>Utils</Filter>
    </ClCompile>
    <ClCompile Include="..\..\source\Core\CStateManagement.cpp">
      <Filter>Core</Filter>
    </ClCompile>
    <ClCompile Include="..\..\source\Graphics\CGLDriver.cpp">
      <Filter>Graphics</Filter>
    </ClCompile>
    <ClCompile Include="..\..\source\Graphics\CGLGraphics2D.cpp">
      <Filter>Graphics</Filter>
    </ClCompile>
    <ClCompile Include="..\..\source\Platform\WGLDisplay.cpp">
      <Filter>Platform</Filter>
    </ClCompile>
  </ItemGroup>
</Project>